# This file is generated by running "yarn install" inside your project.
# Manual changes might be lost - proceed with caution!

__metadata:
  version: 4
  cacheKey: 7

"@next/env@npm:12.1.4":
  version: 12.1.4
  resolution: "@next/env@npm:12.1.4"
  checksum: 76cbbc814343b27aed31978b0ced75ed124672ee9f7ac643edbd039460aed72c1ac33735c85fb0fc6b8c0de2703db66180edd891b0423f66b39413e9829ac5b1
  languageName: node
  linkType: hard

"@next/swc-android-arm-eabi@npm:12.1.4":
  version: 12.1.4
  resolution: "@next/swc-android-arm-eabi@npm:12.1.4"
  checksum: 337602bb9e6a2575242d6378df927e9c2bec766c6f887f886db701b4f71a6d6a6dbc18d73542cd255524b5a4043d01fad7ba234acaeacbe6c175f908c0c387ad
  languageName: node
  linkType: hard

"@next/swc-android-arm64@npm:12.1.4":
  version: 12.1.4
  resolution: "@next/swc-android-arm64@npm:12.1.4"
  checksum: 7959594ae06f61961e629bbf367f8e860f139775964b9eb294ddeeed5c52f0fa48243fec6aea22a2c37102de04f3ec9d56b2f4ae3d47a7d2e35fc954b1268773
  languageName: node
  linkType: hard

"@next/swc-darwin-arm64@npm:12.1.4":
  version: 12.1.4
  resolution: "@next/swc-darwin-arm64@npm:12.1.4"
  checksum: 38ccfbfb6a25e95e06c9154ab1cffc273542f7b8f19393141982de70763fe1351e250323fb990e7be5da8e123877b3530cd503876cea233b9af2a6a1dd32319d
  languageName: node
  linkType: hard

"@next/swc-darwin-x64@npm:12.1.4":
  version: 12.1.4
  resolution: "@next/swc-darwin-x64@npm:12.1.4"
  checksum: 44913575668773bfdb11d89dc069cabd29286db3e8a43ada47f3a891793db77892acf41bdcfe518261772994180d911a64475ee8e048fd152a4177e15a790978
  languageName: node
  linkType: hard

"@next/swc-linux-arm-gnueabihf@npm:12.1.4":
  version: 12.1.4
  resolution: "@next/swc-linux-arm-gnueabihf@npm:12.1.4"
  checksum: b7f0c8350fb6e5244adbacf91a278652fad2acd3c709eb696e14d552927c8b2fd19b00e8e999ea38d5ef615217658b99f829cc08025e763dfab83edef584575f
  languageName: node
  linkType: hard

"@next/swc-linux-arm64-gnu@npm:12.1.4":
  version: 12.1.4
  resolution: "@next/swc-linux-arm64-gnu@npm:12.1.4"
  checksum: fced0050b3c9a7d4c48dfe6c316128d8c3de5697a3391ce4bc937d0834fb3bb2878074e6e7cf24f3f0050cd154b2871a303dd81e3250019722fcaac7fe6ab70e
  languageName: node
  linkType: hard

"@next/swc-linux-arm64-musl@npm:12.1.4":
  version: 12.1.4
  resolution: "@next/swc-linux-arm64-musl@npm:12.1.4"
  checksum: 9205380637f89dc6cf8703c07f502b09b9d66e7afe196cba3b4598febfb8f5b8353899438c2040ec632b273c30514d9bdfd25295ca15886ac0eadf43572f6e3d
  languageName: node
  linkType: hard

"@next/swc-linux-x64-gnu@npm:12.1.4":
  version: 12.1.4
  resolution: "@next/swc-linux-x64-gnu@npm:12.1.4"
  checksum: 9b3a33c2a7e46feebf0f108687bb2280af88ef860e0eb7b7167b5f1f5e77326a1cfa1126b0528945052cf44681ae1ef36478a435f9d67ac94133659f22f49023
  languageName: node
  linkType: hard

"@next/swc-linux-x64-musl@npm:12.1.4":
  version: 12.1.4
  resolution: "@next/swc-linux-x64-musl@npm:12.1.4"
  checksum: 258b85b924845bd5c13ebac8c179d04e9f934b3b28b0d9f4fb0719f16aa5c0fedeb20ffc512c6a02846a2d2bdf3dfd0b45fb53ec2a3bbebb836e365eff10cca5
  languageName: node
  linkType: hard

"@next/swc-win32-arm64-msvc@npm:12.1.4":
  version: 12.1.4
  resolution: "@next/swc-win32-arm64-msvc@npm:12.1.4"
  checksum: 0a1cbc65ae1e25c2373e8c3e034c0310624fd0dddc349a3c363f2d9badf9076e7ecbb22995ae9eb618fe68f0e40b5caac2e356c5bb5ee6dede93531997a3e736
  languageName: node
  linkType: hard

"@next/swc-win32-ia32-msvc@npm:12.1.4":
  version: 12.1.4
  resolution: "@next/swc-win32-ia32-msvc@npm:12.1.4"
  checksum: 909f584ef154701b9468fae707d8618f01fe9d75caa76f626ec02bf14ddda21b27c3a4436c4eceba7499fc9f3ac168bf9ade2cb9995b883467494879714a94aa
  languageName: node
  linkType: hard

"@next/swc-win32-x64-msvc@npm:12.1.4":
  version: 12.1.4
  resolution: "@next/swc-win32-x64-msvc@npm:12.1.4"
  checksum: c6d480a7267a28f197f37aca88c3ac9171e30e588398e89bbc8de69d8006dea798c0638a86a7d4192bdc9547611311c65dbc356476308947d0583456f00635c2
  languageName: node
  linkType: hard

"cade@workspace:.":
  version: 0.0.0-use.local
  resolution: "cade@workspace:."
  dependencies:
    next: ^12.1.4
    react: ^18.0.0
    react-dom: ^18.0.0
  languageName: unknown
  linkType: soft

"caniuse-lite@npm:^1.0.30001283":
  version: 1.0.30001327
  resolution: "caniuse-lite@npm:1.0.30001327"
  checksum: e07409dad649a52d3f05f571dee7ec4fb8a4c00254417625b38204dc4de8118c16604b9e548cf4e7315f33191b00b93c5fcf4351c4f72ca65b8336f3216b439a
  languageName: node
  linkType: hard

"js-tokens@npm:^3.0.0 || ^4.0.0":
  version: 4.0.0
  resolution: "js-tokens@npm:4.0.0"
  checksum: 1fc4e4667ac2d972aba65148b9cbf9c17566b2394d3504238d8492bbd3e68f496c657eab06b26b40b17db5cac0a34d153a12130e2d2d2bb6dc2cdc8a4764eb1b
  languageName: node
  linkType: hard

"loose-envify@npm:^1.1.0":
  version: 1.4.0
  resolution: "loose-envify@npm:1.4.0"
  dependencies:
    js-tokens: ^3.0.0 || ^4.0.0
  bin:
    loose-envify: cli.js
  checksum: 5c3b47bbe5f597a3889fb001a3a98aaea2a3fafa48089c19034de1e0121bf57dbee609d184478514d74d5c5a7e9cfa3d846343455e5123b060040d46c39e91dc
  languageName: node
  linkType: hard

"nanoid@npm:^3.1.30":
  version: 3.3.2
  resolution: "nanoid@npm:3.3.2"
  bin:
    nanoid: bin/nanoid.cjs
  checksum: e84825fb272d4ee51ab068b2f738d68af1228a15fda1da6d7d15747ab1b831343641842913142c5bcc6cf591199be031dacc64e3040f07f4a0aba0a92a5452db
  languageName: node
  linkType: hard

"next@npm:^12.1.4":
  version: 12.1.4
  resolution: "next@npm:12.1.4"
  dependencies:
    "@next/env": 12.1.4
    "@next/swc-android-arm-eabi": 12.1.4
    "@next/swc-android-arm64": 12.1.4
    "@next/swc-darwin-arm64": 12.1.4
    "@next/swc-darwin-x64": 12.1.4
    "@next/swc-linux-arm-gnueabihf": 12.1.4
    "@next/swc-linux-arm64-gnu": 12.1.4
    "@next/swc-linux-arm64-musl": 12.1.4
    "@next/swc-linux-x64-gnu": 12.1.4
    "@next/swc-linux-x64-musl": 12.1.4
    "@next/swc-win32-arm64-msvc": 12.1.4
    "@next/swc-win32-ia32-msvc": 12.1.4
    "@next/swc-win32-x64-msvc": 12.1.4
    caniuse-lite: ^1.0.30001283
    postcss: 8.4.5
    styled-jsx: 5.0.1
  peerDependencies:
    fibers: ">= 3.1.0"
    node-sass: ^6.0.0 || ^7.0.0
    react: ^17.0.2 || ^18.0.0-0
    react-dom: ^17.0.2 || ^18.0.0-0
    sass: ^1.3.0
  dependenciesMeta:
    "@next/swc-android-arm-eabi":
      optional: true
    "@next/swc-android-arm64":
      optional: true
    "@next/swc-darwin-arm64":
      optional: true
    "@next/swc-darwin-x64":
      optional: true
    "@next/swc-linux-arm-gnueabihf":
      optional: true
    "@next/swc-linux-arm64-gnu":
      optional: true
    "@next/swc-linux-arm64-musl":
      optional: true
    "@next/swc-linux-x64-gnu":
      optional: true
    "@next/swc-linux-x64-musl":
      optional: true
    "@next/swc-win32-arm64-msvc":
      optional: true
    "@next/swc-win32-ia32-msvc":
      optional: true
    "@next/swc-win32-x64-msvc":
      optional: true
  peerDependenciesMeta:
    fibers:
      optional: true
    node-sass:
      optional: true
    sass:
      optional: true
  bin:
    next: dist/bin/next
  checksum: 57e32c635e1cde61417e5818eaa3108f7d152bf679e7995ab69377e2586fdeb291c8c584a576a43dd3271f154b224b02293881bb10ce0b08b7eeab27572e6c6e
  languageName: node
  linkType: hard

"picocolors@npm:^1.0.0":
  version: 1.0.0
  resolution: "picocolors@npm:1.0.0"
  checksum: 6616d34dd03bde8881c63402dea34f0b5972845b04b791b234446d4a408bc3d7f932acea3970a6b671d8f5c5aae1b1ce9fc1f89b0ed9a363469cf9da8e916b71
  languageName: node
  linkType: hard

"postcss@npm:8.4.5":
  version: 8.4.5
  resolution: "postcss@npm:8.4.5"
  dependencies:
    nanoid: ^3.1.30
    picocolors: ^1.0.0
    source-map-js: ^1.0.1
  checksum: 9fc52b650c4720e67b27423fdfb2fff5699bb75915f35dbce310111edcf3af58f91a9edf731b447b82bf090a4890e993dec66726728ed0d204873119626aa718
  languageName: node
  linkType: hard

"react-dom@npm:^18.0.0":
  version: 18.0.0
  resolution: "react-dom@npm:18.0.0"
  dependencies:
    loose-envify: ^1.1.0
    scheduler: ^0.21.0
  peerDependencies:
    react: ^18.0.0
  checksum: 4bdb133817e5a59716d673cfa0d01b8970c18ed61ad3793143b2480ed96ddc095b5b4e68073088294984a21d1356f2c17f2e40553e5e3f4b571e7af6893e2876
  languageName: node
  linkType: hard

"react@npm:^18.0.0":
  version: 18.0.0
  resolution: "react@npm:18.0.0"
  dependencies:
    loose-envify: ^1.1.0
  checksum: 83d69fad37b5919762b584140d65d3e21e8c45760f7dbce90e78afc59c38bf96a058691886e28f7c2d8bb595facf4dec1907b92d2c5264de194ed91d0e3eb8e1
  languageName: node
  linkType: hard

"scheduler@npm:^0.21.0":
  version: 0.21.0
  resolution: "scheduler@npm:0.21.0"
  dependencies:
    loose-envify: ^1.1.0
  checksum: 9a6e6524c3e864291b88cebf3f3b5af3839dfedf9c6333efc9a126939ef8acbc4bf9179bcc4c77b8c3f41b49c1adf22f5bf70d40f70b8bfd1a569574fe2b94ca
  languageName: node
  linkType: hard

"source-map-js@npm:^1.0.1":
  version: 1.0.2
  resolution: "source-map-js@npm:1.0.2"
  checksum: 3bb232796ad9b71bad151cb30c7fc1a2afdaf5bcfd4aa7806f56a2d4ff4824e1481e960436c5e9ec26e8c1ae129aee8107df0859c15b1ccada31a9a7ef254abc
  languageName: node
  linkType: hard

"styled-jsx@npm:5.0.1":
  version: 5.0.1
  resolution: "styled-jsx@npm:5.0.1"
  peerDependencies:
    react: ">= 16.8.0 || 17.x.x || ^18.0.0-0"
  peerDependenciesMeta:
    "@babel/core":
      optional: true
    babel-plugin-macros:
      optional: true
  checksum: 44164b2b5314424f63509d57a134be3fe65239e55a7370390540efc38e067c8d0377cf556f01bbee90c95e9ffbf73cfbff26f07c896b7b21a84f27f93f47f10d
  languageName: node
  linkType: hard
